
Microsoft Visual Studio Solution File, Format Version 12.00
# Visual Studio Version 16
VisualStudioVersion = 16.0.29306.81
MinimumVisualStudioVersion = 10.0.40219.1
Project("{FAE04EC0-301F-11D3-BF4B-00C04F79EFBC}") = "EncryptionLab", "EncryptionLab\EncryptionLab.csproj", "{E86B9F4B-69CD-4A74-AE01-A3E43B61498F}"
EndProject
Project("{FAE04EC0-301F-11D3-BF4B-00C04F79EFBC}") = "EncryptionLab.Tests", "EncryptionLab.Tests\EncryptionLab.Tests.csproj", "{E8C683A8-126E-4021-8476-BA29D0526243}"
EndProject
Project("{FAE04EC0-301F-11D3-BF4B-00C04F79EFBC}") = "EncryptionLab.Forms", "EncryptionLab.Forms\EncryptionLab.Forms.csproj", "{1868F2C4-9BB4-4AAC-B471-4323ABEF20ED}"
EndProject
Project("{FAE04EC0-301F-11D3-BF4B-00C04F79EFBC}") = "Passwordec", "Passwordec\Passwordec.csproj", "{855734D6-6330-49B8-A241-1BB16DE498A5}"
EndProject
Project("{FAE04EC0-301F-11D3-BF4B-00C04F79EFBC}") = "RsaConsole", "RsaConsole\RsaConsole.csproj", "{6B36BE35-9C32-42E8-AC90-1BE58B3970CF}"
EndProject
Project("{FAE04EC0-301F-11D3-BF4B-00C04F79EFBC}") = "RsaEds", "RsaEds\RsaEds.csproj", "{926934CA-F15B-45FC-A762-4AD09CB442C7}"
EndProject
Global
	GlobalSection(SolutionConfigurationPlatforms) = preSolution
		Debug|Any CPU = Debug|Any CPU
		Release|Any CPU = Release|Any CPU
	EndGlobalSection
	GlobalSection(ProjectConfigurationPlatforms) = postSolution
		{E86B9F4B-69CD-4A74-AE01-A3E43B61498F}.Debug|Any CPU.ActiveCfg = Debug|Any CPU
		{E86B9F4B-69CD-4A74-AE01-A3E43B61498F}.Debug|Any CPU.Build.0 = Debug|Any CPU
		{E86B9F4B-69CD-4A74-AE01-A3E43B61498F}.Release|Any CPU.ActiveCfg = Release|Any CPU
		{E86B9F4B-69CD-4A74-AE01-A3E43B61498F}.Release|Any CPU.Build.0 = Release|Any CPU
		{E8C683A8-126E-4021-8476-BA29D0526243}.Debug|Any CPU.ActiveCfg = Debug|Any CPU
		{E8C683A8-126E-4021-8476-BA29D0526243}.Debug|Any CPU.Build.0 = Debug|Any CPU
		{E8C683A8-126E-4021-8476-BA29D0526243}.Release|Any CPU.ActiveCfg = Release|Any CPU
		{E8C683A8-126E-4021-8476-BA29D0526243}.Release|Any CPU.Build.0 = Release|Any CPU
		{1868F2C4-9BB4-4AAC-B471-4323ABEF20ED}.Debug|Any CPU.ActiveCfg = Debug|Any CPU
		{1868F2C4-9BB4-4AAC-B471-4323ABEF20ED}.Debug|Any CPU.Build.0 = Debug|Any CPU
		{1868F2C4-9BB4-4AAC-B471-4323ABEF20ED}.Release|Any CPU.ActiveCfg = Release|Any CPU
		{1868F2C4-9BB4-4AAC-B471-4323ABEF20ED}.Release|Any CPU.Build.0 = Release|Any CPU
		{855734D6-6330-49B8-A241-1BB16DE498A5}.Debug|Any CPU.ActiveCfg = Debug|Any CPU
		{855734D6-6330-49B8-A241-1BB16DE498A5}.Debug|Any CPU.Build.0 = Debug|Any CPU
		{855734D6-6330-49B8-A241-1BB16DE498A5}.Release|Any CPU.ActiveCfg = Release|Any CPU
		{855734D6-6330-49B8-A241-1BB16DE498A5}.Release|Any CPU.Build.0 = Release|Any CPU
		{6B36BE35-9C32-42E8-AC90-1BE58B3970CF}.Debug|Any CPU.ActiveCfg = Debug|Any CPU
		{6B36BE35-9C32-42E8-AC90-1BE58B3970CF}.Debug|Any CPU.Build.0 = Debug|Any CPU
		{6B36BE35-9C32-42E8-AC90-1BE58B3970CF}.Release|Any CPU.ActiveCfg = Release|Any CPU
		{6B36BE35-9C32-42E8-AC90-1BE58B3970CF}.Release|Any CPU.Build.0 = Release|Any CPU
		{926934CA-F15B-45FC-A762-4AD09CB442C7}.Debug|Any CPU.ActiveCfg = Debug|Any CPU
		{926934CA-F15B-45FC-A762-4AD09CB442C7}.Debug|Any CPU.Build.0 = Debug|Any CPU
		{926934CA-F15B-45FC-A762-4AD09CB442C7}.Release|Any CPU.ActiveCfg = Release|Any CPU
		{926934CA-F15B-45FC-A762-4AD09CB442C7}.Release|Any CPU.Build.0 = Release|Any CPU
	EndGlobalSection
	GlobalSection(SolutionProperties) = preSolution
		HideSolutionNode = FALSE
	EndGlobalSection
	GlobalSection(ExtensibilityGlobals) = postSolution
		SolutionGuid = {D67A12A7-2B5D-4197-9EF8-64C45BB161EE}
	EndGlobalSection
EndGlobal
